// !$*UTF8*$!
{
	archiveVersion = 1;
	classes = {
	};
	objectVersion = 50;
	objects = {

/* Begin PBXBuildFile section */
		882D1E04228608EE001D1B60 /* AppDelegate.swift in Sources */ = {isa = PBXBuildFile; fileRef = 882D1E03228608EE001D1B60 /* AppDelegate.swift */; };
		882D1E06228608EE001D1B60 /* RSSViewController.swift in Sources */ = {isa = PBXBuildFile; fileRef = 882D1E05228608EE001D1B60 /* RSSViewController.swift */; };
		882D1E09228608EE001D1B60 /* Main.storyboard in Resources */ = {isa = PBXBuildFile; fileRef = 882D1E07228608EE001D1B60 /* Main.storyboard */; };
		882D1E0B228608F0001D1B60 /* Assets.xcassets in Resources */ = {isa = PBXBuildFile; fileRef = 882D1E0A228608F0001D1B60 /* Assets.xcassets */; };
		882D1E0E228608F0001D1B60 /* LaunchScreen.storyboard in Resources */ = {isa = PBXBuildFile; fileRef = 882D1E0C228608F0001D1B60 /* LaunchScreen.storyboard */; };
		882D1E16228614DD001D1B60 /* RSSCell.swift in Sources */ = {isa = PBXBuildFile; fileRef = 882D1E15228614DD001D1B60 /* RSSCell.swift */; };
		882D1E1A228615B0001D1B60 /* RSSWebClient.swift in Sources */ = {isa = PBXBuildFile; fileRef = 882D1E19228615B0001D1B60 /* RSSWebClient.swift */; };
		882D1E1C228615CF001D1B60 /* WebViewController.swift in Sources */ = {isa = PBXBuildFile; fileRef = 882D1E1B228615CF001D1B60 /* WebViewController.swift */; };
		882D1E1E228616DB001D1B60 /* RSSStory.swift in Sources */ = {isa = PBXBuildFile; fileRef = 882D1E1D228616DB001D1B60 /* RSSStory.swift */; };
		882D1E202286182E001D1B60 /* RSSXMLParser.swift in Sources */ = {isa = PBXBuildFile; fileRef = 882D1E1F2286182E001D1B60 /* RSSXMLParser.swift */; };
		882D1E2222862966001D1B60 /* RSSFeed.swift in Sources */ = {isa = PBXBuildFile; fileRef = 882D1E2122862966001D1B60 /* RSSFeed.swift */; };
		88B6CA742289FC9700FBBE24 /* WebKit.framework in Frameworks */ = {isa = PBXBuildFile; fileRef = 88B6CA732289FC9700FBBE24 /* WebKit.framework */; };
		88B6CA7A228A17FA00FBBE24 /* WSJRSSError.swift in Sources */ = {isa = PBXBuildFile; fileRef = 88B6CA79228A17FA00FBBE24 /* WSJRSSError.swift */; };
/* End PBXBuildFile section */

/* Begin PBXFileReference section */
		882D1E00228608EE001D1B60 /* WSJCodeChallenge.app */ = {isa = PBXFileReference; explicitFileType = wrapper.application; includeInIndex = 0; path = WSJCodeChallenge.app; sourceTree = BUILT_PRODUCTS_DIR; };
		882D1E03228608EE001D1B60 /* AppDelegate.swift */ = {isa = PBXFileReference; lastKnownFileType = sourcecode.swift; path = AppDelegate.swift; sourceTree = "<group>"; };
		882D1E05228608EE001D1B60 /* RSSViewController.swift */ = {isa = PBXFileReference; lastKnownFileType = sourcecode.swift; path = RSSViewController.swift; sourceTree = "<group>"; };
		882D1E08228608EE001D1B60 /* Base */ = {isa = PBXFileReference; lastKnownFileType = file.storyboard; name = Base; path = Base.lproj/Main.storyboard; sourceTree = "<group>"; };
		882D1E0A228608F0001D1B60 /* Assets.xcassets */ = {isa = PBXFileReference; lastKnownFileType = folder.assetcatalog; path = Assets.xcassets; sourceTree = "<group>"; };
		882D1E0D228608F0001D1B60 /* Base */ = {isa = PBXFileReference; lastKnownFileType = file.storyboard; name = Base; path = Base.lproj/LaunchScreen.storyboard; sourceTree = "<group>"; };
		882D1E0F228608F0001D1B60 /* Info.plist */ = {isa = PBXFileReference; lastKnownFileType = text.plist.xml; path = Info.plist; sourceTree = "<group>"; };
		882D1E15228614DD001D1B60 /* RSSCell.swift */ = {isa = PBXFileReference; lastKnownFileType = sourcecode.swift; path = RSSCell.swift; sourceTree = "<group>"; };
		882D1E19228615B0001D1B60 /* RSSWebClient.swift */ = {isa = PBXFileReference; lastKnownFileType = sourcecode.swift; path = RSSWebClient.swift; sourceTree = "<group>"; };
		882D1E1B228615CF001D1B60 /* WebViewController.swift */ = {isa = PBXFileReference; lastKnownFileType = sourcecode.swift; path = WebViewController.swift; sourceTree = "<group>"; };
		882D1E1D228616DB001D1B60 /* RSSStory.swift */ = {isa = PBXFileReference; lastKnownFileType = sourcecode.swift; path = RSSStory.swift; sourceTree = "<group>"; };
		882D1E1F2286182E001D1B60 /* RSSXMLParser.swift */ = {isa = PBXFileReference; lastKnownFileType = sourcecode.swift; path = RSSXMLParser.swift; sourceTree = "<group>"; };
		882D1E2122862966001D1B60 /* RSSFeed.swift */ = {isa = PBXFileReference; lastKnownFileType = sourcecode.swift; path = RSSFeed.swift; sourceTree = "<group>"; };
		88B6CA732289FC9700FBBE24 /* WebKit.framework */ = {isa = PBXFileReference; lastKnownFileType = wrapper.framework; name = WebKit.framework; path = System/Library/Frameworks/WebKit.framework; sourceTree = SDKROOT; };
		88B6CA79228A17FA00FBBE24 /* WSJRSSError.swift */ = {isa = PBXFileReference; lastKnownFileType = sourcecode.swift; path = WSJRSSError.swift; sourceTree = "<group>"; };
/* End PBXFileReference section */

/* Begin PBXFrameworksBuildPhase section */
		882D1DFD228608EE001D1B60 /* Frameworks */ = {
			isa = PBXFrameworksBuildPhase;
			buildActionMask = 2147483647;
			files = (
				88B6CA742289FC9700FBBE24 /* WebKit.framework in Frameworks */,
			);
			runOnlyForDeploymentPostprocessing = 0;
		};
/* End PBXFrameworksBuildPhase section */

/* Begin PBXGroup section */
		882D1DF7228608EE001D1B60 = {
			isa = PBXGroup;
			children = (
				882D1E02228608EE001D1B60 /* WSJCodeChallenge */,
				882D1E01228608EE001D1B60 /* Products */,
				88B6CA722289FC9700FBBE24 /* Frameworks */,
			);
			sourceTree = "<group>";
		};
		882D1E01228608EE001D1B60 /* Products */ = {
			isa = PBXGroup;
			children = (
				882D1E00228608EE001D1B60 /* WSJCodeChallenge.app */,
			);
			name = Products;
			sourceTree = "<group>";
		};
		882D1E02228608EE001D1B60 /* WSJCodeChallenge */ = {
			isa = PBXGroup;
			children = (
				88B6CA78228A17BD00FBBE24 /* Helpers */,
				88B6CA77228A17B500FBBE24 /* Controllers */,
				88B6CA76228A179F00FBBE24 /* Model */,
				88B6CA75228A179400FBBE24 /* Views */,
				882D1E03228608EE001D1B60 /* AppDelegate.swift */,
				882D1E07228608EE001D1B60 /* Main.storyboard */,
				882D1E0A228608F0001D1B60 /* Assets.xcassets */,
				882D1E0C228608F0001D1B60 /* LaunchScreen.storyboard */,
				882D1E0F228608F0001D1B60 /* Info.plist */,
			);
			path = WSJCodeChallenge;
			sourceTree = "<group>";
		};
		88B6CA722289FC9700FBBE24 /* Frameworks */ = {
			isa = PBXGroup;
			children = (
				88B6CA732289FC9700FBBE24 /* WebKit.framework */,
			);
			name = Frameworks;
			sourceTree = "<group>";
		};
		88B6CA75228A179400FBBE24 /* Views */ = {
			isa = PBXGroup;
			children = (
				882D1E15228614DD001D1B60 /* RSSCell.swift */,
			);
			path = Views;
			sourceTree = "<group>";
		};
		88B6CA76228A179F00FBBE24 /* Model */ = {
			isa = PBXGroup;
			children = (
				882D1E2122862966001D1B60 /* RSSFeed.swift */,
				882D1E1D228616DB001D1B60 /* RSSStory.swift */,
				88B6CA79228A17FA00FBBE24 /* WSJRSSError.swift */,
			);
			path = Model;
			sourceTree = "<group>";
		};
		88B6CA77228A17B500FBBE24 /* Controllers */ = {
			isa = PBXGroup;
			children = (
				882D1E1B228615CF001D1B60 /* WebViewController.swift */,
				882D1E05228608EE001D1B60 /* RSSViewController.swift */,
			);
			path = Controllers;
			sourceTree = "<group>";
		};
		88B6CA78228A17BD00FBBE24 /* Helpers */ = {
			isa = PBXGroup;
			children = (
				882D1E19228615B0001D1B60 /* RSSWebClient.swift */,
				882D1E1F2286182E001D1B60 /* RSSXMLParser.swift */,
			);
			path = Helpers;
			sourceTree = "<group>";
		};
/* End PBXGroup section */

/* Begin PBXNativeTarget section */
		882D1DFF228608EE001D1B60 /* WSJCodeChallenge */ = {
			isa = PBXNativeTarget;
			buildConfigurationList = 882D1E12228608F0001D1B60 /* Build configuration list for PBXNativeTarget "WSJCodeChallenge" */;
			buildPhases = (
				882D1DFC228608EE001D1B60 /* Sources */,
				882D1DFD228608EE001D1B60 /* Frameworks */,
				882D1DFE228608EE001D1B60 /* Resources */,
			);
			buildRules = (
			);
			dependencies = (
			);
			name = WSJCodeChallenge;
			productName = WSJCodeChallenge;
			productReference = 882D1E00228608EE001D1B60 /* WSJCodeChallenge.app */;
			productType = "com.apple.product-type.application";
		};
/* End PBXNativeTarget section */

/* Begin PBXProject section */
		882D1DF8228608EE001D1B60 /* Project object */ = {
			isa = PBXProject;
			attributes = {
				LastSwiftUpdateCheck = 1020;
				LastUpgradeCheck = 1020;
				ORGANIZATIONNAME = "Dawn Trigger Enterprises";
				TargetAttributes = {
					882D1DFF228608EE001D1B60 = {
						CreatedOnToolsVersion = 10.2;
					};
				};
			};
			buildConfigurationList = 882D1DFB228608EE001D1B60 /* Build configuration list for PBXProject "WSJCodeChallenge" */;
			compatibilityVersion = "Xcode 9.3";
			developmentRegion = en;
			hasScannedForEncodings = 0;
			knownRegions = (
				en,
				Base,
			);
			mainGroup = 882D1DF7228608EE001D1B60;
			productRefGroup = 882D1E01228608EE001D1B60 /* Products */;
			projectDirPath = "";
			projectRoot = "";
			targets = (
				882D1DFF228608EE001D1B60 /* WSJCodeChallenge */,
			);
		};
/* End PBXProject section */

/* Begin PBXResourcesBuildPhase section */
		882D1DFE228608EE001D1B60 /* Resources */ = {
			isa = PBXResourcesBuildPhase;
			buildActionMask = 2147483647;
			files = (
				882D1E0E228608F0001D1B60 /* LaunchScreen.storyboard in Resources */,
				882D1E0B228608F0001D1B60 /* Assets.xcassets in Resources */,
				882D1E09228608EE001D1B60 /* Main.storyboard in Resources */,
			);
			runOnlyForDeploymentPostprocessing = 0;
		};
/* End PBXResourcesBuildPhase section */

/* Begin PBXSourcesBuildPhase section */
		882D1DFC228608EE001D1B60 /* Sources */ = {
			isa = PBXSourcesBuildPhase;
			buildActionMask = 2147483647;
			files = (
				882D1E1A228615B0001D1B60 /* RSSWebClient.swift in Sources */,
				882D1E1C228615CF001D1B60 /* WebViewController.swift in Sources */,
				882D1E16228614DD001D1B60 /* RSSCell.swift in Sources */,
				882D1E2222862966001D1B60 /* RSSFeed.swift in Sources */,
				88B6CA7A228A17FA00FBBE24 /* WSJRSSError.swift in Sources */,
				882D1E202286182E001D1B60 /* RSSXMLParser.swift in Sources */,
				882D1E06228608EE001D1B60 /* RSSViewController.swift in Sources */,
				882D1E04228608EE001D1B60 /* AppDelegate.swift in Sources */,
				882D1E1E228616DB001D1B60 /* RSSStory.swift in Sources */,
			);
			runOnlyForDeploymentPostprocessing = 0;
		};
/* End PBXSourcesBuildPhase section */

/* Begin PBXVariantGroup section */
		882D1E07228608EE001D1B60 /* Main.storyboard */ = {
			isa = PBXVariantGroup;
			children = (
				882D1E08228608EE001D1B60 /* Base */,
			);
			name = Main.storyboard;
			sourceTree = "<group>";
		};
		882D1E0C228608F0001D1B60 /* LaunchScreen.storyboard */ = {
			isa = PBXVariantGroup;
			children = (
				882D1E0D228608F0001D1B60 /* Base */,
			);
			name = LaunchScreen.storyboard;
			sourceTree = "<group>";
		};
/* End PBXVariantGroup section */

/* Begin XCBuildConfiguration section */
		882D1E10228608F0001D1B60 /* Debug */ = {
			isa = XCBuildConfiguration;
			buildSettings = {
				ALWAYS_SEARCH_USER_PATHS = NO;
				CLANG_ANALYZER_NONNULL = YES;
				CLANG_ANALYZER_NUMBER_OBJECT_CONVERSION = YES_AGGRESSIVE;
				CLANG_CXX_LANGUAGE_STANDARD = "gnu++14";
				CLANG_CXX_LIBRARY = "libc++";
				CLANG_ENABLE_MODULES = YES;
				CLANG_ENABLE_OBJC_ARC = YES;
				CLANG_ENABLE_OBJC_WEAK = YES;
				CLANG_WARN_BLOCK_CAPTURE_AUTORELEASING = YES;
				CLANG_WARN_BOOL_CONVERSION = YES;
				CLANG_WARN_COMMA = YES;
				CLANG_WARN_CONSTANT_CONVERSION = YES;
				CLANG_WARN_DEPRECATED_OBJC_IMPLEMENTATIONS = YES;
				CLANG_WARN_DIRECT_OBJC_ISA_USAGE = YES_ERROR;
				CLANG_WARN_DOCUMENTATION_COMMENTS = YES;
				CLANG_WARN_EMPTY_BODY = YES;
				CLANG_WARN_ENUM_CONVERSION = YES;
				CLANG_WARN_INFINITE_RECURSION = YES;
				CLANG_WARN_INT_CONVERSION = YES;
				CLANG_WARN_NON_LITERAL_NULL_CONVERSION = YES;
				CLANG_WARN_OBJC_IMPLICIT_RETAIN_SELF = YES;
				CLANG_WARN_OBJC_LITERAL_CONVERSION = YES;
				CLANG_WARN_OBJC_ROOT_CLASS = YES_ERROR;
				CLANG_WARN_RANGE_LOOP_ANALYSIS = YES;
				CLANG_WARN_STRICT_PROTOTYPES = YES;
				CLANG_WARN_SUSPICIOUS_MOVE = YES;
				CLANG_WARN_UNGUARDED_AVAILABILITY = YES_AGGRESSIVE;
				CLANG_WARN_UNREACHABLE_CODE = YES;
				CLANG_WARN__DUPLICATE_METHOD_MATCH = YES;
				CODE_SIGN_IDENTITY = "iPhone Developer";
				COPY_PHASE_STRIP = NO;
				DEBUG_INFORMATION_FORMAT = dwarf;
				ENABLE_STRICT_OBJC_MSGSEND = YES;
				ENABLE_TESTABILITY = YES;
				GCC_C_LANGUAGE_STANDARD = gnu11;
				GCC_DYNAMIC_NO_PIC = NO;
				GCC_NO_COMMON_BLOCKS = YES;
				GCC_OPTIMIZATION_LEVEL = 0;
				GCC_PREPROCESSOR_DEFINITIONS = (
					"DEBUG=1",
					"$(inherited)",
				);
				GCC_WARN_64_TO_32_BIT_CONVERSION = YES;
				GCC_WARN_ABOUT_RETURN_TYPE = YES_ERROR;
				GCC_WARN_UNDECLARED_SELECTOR = YES;
				GCC_WARN_UNINITIALIZED_AUTOS = YES_AGGRESSIVE;
				GCC_WARN_UNUSED_FUNCTION = YES;
				GCC_WARN_UNUSED_VARIABLE = YES;
				IPHONEOS_DEPLOYMENT_TARGET = 12.2;
				MTL_ENABLE_DEBUG_INFO = INCLUDE_SOURCE;
				MTL_FAST_MATH = YES;
				ONLY_ACTIVE_ARCH = YES;
				SDKROOT = iphoneos;
				SWIFT_ACTIVE_COMPILATION_CONDITIONS = DEBUG;
				SWIFT_OPTIMIZATION_LEVEL = "-Onone";
			};
			name = Debug;
		};
		882D1E11228608F0001D1B60 /* Release */ = {
			isa = XCBuildConfiguration;
			buildSettings = {
				ALWAYS_SEARCH_USER_PATHS = NO;
				CLANG_ANALYZER_NONNULL = YES;
				CLANG_ANALYZER_NUMBER_OBJECT_CONVERSION = YES_AGGRESSIVE;
				CLANG_CXX_LANGUAGE_STANDARD = "gnu++14";
				CLANG_CXX_LIBRARY = "libc++";
				CLANG_ENABLE_MODULES = YES;
				CLANG_ENABLE_OBJC_ARC = YES;
				CLANG_ENABLE_OBJC_WEAK = YES;
				CLANG_WARN_BLOCK_CAPTURE_AUTORELEASING = YES;
				CLANG_WARN_BOOL_CONVERSION = YES;
				CLANG_WARN_COMMA = YES;
				CLANG_WARN_CONSTANT_CONVERSION = YES;
				CLANG_WARN_DEPRECATED_OBJC_IMPLEMENTATIONS = YES;
				CLANG_WARN_DIRECT_OBJC_ISA_USAGE = YES_ERROR;
				CLANG_WARN_DOCUMENTATION_COMMENTS = YES;
				CLANG_WARN_EMPTY_BODY = YES;
				CLANG_WARN_ENUM_CONVERSION = YES;
				CLANG_WARN_INFINITE_RECURSION = YES;
				CLANG_WARN_INT_CONVERSION = YES;
				CLANG_WARN_NON_LITERAL_NULL_CONVERSION = YES;
				CLANG_WARN_OBJC_IMPLICIT_RETAIN_SELF = YES;
				CLANG_WARN_OBJC_LITERAL_CONVERSION = YES;
				CLANG_WARN_OBJC_ROOT_CLASS = YES_ERROR;
				CLANG_WARN_RANGE_LOOP_ANALYSIS = YES;
				CLANG_WARN_STRICT_PROTOTYPES = YES;
				CLANG_WARN_SUSPICIOUS_MOVE = YES;
				CLANG_WARN_UNGUARDED_AVAILABILITY = YES_AGGRESSIVE;
				CLANG_WARN_UNREACHABLE_CODE = YES;
				CLANG_WARN__DUPLICATE_METHOD_MATCH = YES;
				CODE_SIGN_IDENTITY = "iPhone Developer";
				COPY_PHASE_STRIP = NO;
				DEBUG_INFORMATION_FORMAT = "dwarf-with-dsym";
				ENABLE_NS_ASSERTIONS = NO;
				ENABLE_STRICT_OBJC_MSGSEND = YES;
				GCC_C_LANGUAGE_STANDARD = gnu11;
				GCC_NO_COMMON_BLOCKS = YES;
				GCC_WARN_64_TO_32_BIT_CONVERSION = YES;
				GCC_WARN_ABOUT_RETURN_TYPE = YES_ERROR;
				GCC_WARN_UNDECLARED_SELECTOR = YES;
				GCC_WARN_UNINITIALIZED_AUTOS = YES_AGGRESSIVE;
				GCC_WARN_UNUSED_FUNCTION = YES;
				GCC_WARN_UNUSED_VARIABLE = YES;
				IPHONEOS_DEPLOYMENT_TARGET = 12.2;
				MTL_ENABLE_DEBUG_INFO = NO;
				MTL_FAST_MATH = YES;
				SDKROOT = iphoneos;
				SWIFT_COMPILATION_MODE = wholemodule;
				SWIFT_OPTIMIZATION_LEVEL = "-O";
				VALIDATE_PRODUCT = YES;
			};
			name = Release;
		};
		882D1E13228608F0001D1B60 /* Debug */ = {
			isa = XCBuildConfiguration;
			buildSettings = {
				ASSETCATALOG_COMPILER_APPICON_NAME = AppIcon;
				CODE_SIGN_STYLE = Automatic;
				DEVELOPMENT_TEAM = H7DR849HVE;
				INFOPLIST_FILE = WSJCodeChallenge/Info.plist;
				LD_RUNPATH_SEARCH_PATHS = (
					"$(inherited)",
					"@executable_path/Frameworks",
				);
				PRODUCT_BUNDLE_IDENTIFIER = dte.WSJCodeChallenge;
				PRODUCT_NAME = "$(TARGET_NAME)";
				SWIFT_VERSION = 5.0;
				TARGETED_DEVICE_FAMILY = "1,2";
			};
			name = Debug;
		};
		882D1E14228608F0001D1B60 /* Release */ = {
			isa = XCBuildConfiguration;
			buildSettings = {
				ASSETCATALOG_COMPILER_APPICON_NAME = AppIcon;
				CODE_SIGN_STYLE = Automatic;
				DEVELOPMENT_TEAM = H7DR849HVE;
				INFOPLIST_FILE = WSJCodeChallenge/Info.plist;
				LD_RUNPATH_SEARCH_PATHS = (
					"$(inherited)",
					"@executable_path/Frameworks",
				);
				PRODUCT_BUNDLE_IDENTIFIER = dte.WSJCodeChallenge;
				PRODUCT_NAME = "$(TARGET_NAME)";
				SWIFT_VERSION = 5.0;
				TARGETED_DEVICE_FAMILY = "1,2";
			};
			name = Release;
		};
/* End XCBuildConfiguration section */

/* Begin XCConfigurationList section */
		882D1DFB228608EE001D1B60 /* Build configuration list for PBXProject "WSJCodeChallenge" */ = {
			isa = XCConfigurationList;
			buildConfigurations = (
				882D1E10228608F0001D1B60 /* Debug */,
				882D1E11228608F0001D1B60 /* Release */,
			);
			defaultConfigurationIsVisible = 0;
			defaultConfigurationName = Release;
		};
		882D1E12228608F0001D1B60 /* Build configuration list for PBXNativeTarget "WSJCodeChallenge" */ = {
			isa = XCConfigurationList;
			buildConfigurations = (
				882D1E13228608F0001D1B60 /* Debug */,
				882D1E14228608F0001D1B60 /* Release */,
			);
			defaultConfigurationIsVisible = 0;
			defaultConfigurationName = Release;
		};
/* End XCConfigurationList section */
	};
	rootObject = 882D1DF8228608EE001D1B60 /* Project object */;
}
